Microsoft Visual Studio Solution File, Format Version 12.00
# Visual Studio Version 17
VisualStudioVersion = 17.5.2.0
MinimumVisualStudioVersion = 10.0.40219.1
Project("{FAE04EC0-301F-11D3-BF4B-00C04F79EFBC}") = "BirthdayMarket-v1.0", "BirthdayMarket-v1.0.csproj", "{60828302-B55B-CB4B-F894-377FF6F8B8CD}"
EndProject
Global
	GlobalSection(SolutionConfigurationPlatforms) = preSolution
		Debug|Any CPU = Debug|Any CPU
		Release|Any CPU = Release|Any CPU
	EndGlobalSection
	GlobalSection(ProjectConfigurationPlatforms) = postSolution
		{60828302-B55B-CB4B-F894-377FF6F8B8CD}.Debug|Any CPU.ActiveCfg = Debug|Any CPU
		{60828302-B55B-CB4B-F894-377FF6F8B8CD}.Debug|Any CPU.Build.0 = Debug|Any CPU
		{60828302-B55B-CB4B-F894-377FF6F8B8CD}.Release|Any CPU.ActiveCfg = Release|Any CPU
		{60828302-B55B-CB4B-F894-377FF6F8B8CD}.Release|Any CPU.Build.0 = Release|Any CPU
	EndGlobalSection
	GlobalSection(SolutionProperties) = preSolution
		HideSolutionNode = FALSE
	EndGlobalSection
	GlobalSection(ExtensibilityGlobals) = postSolution
		SolutionGuid = {196BF61A-5011-43B9-90AE-6577B2999A6D}
	EndGlobalSection
EndGlobal
